
Microsoft Visual Studio Solution File, Format Version 12.00
# Visual Studio Version 17
VisualStudioVersion = 17.3.32825.248
MinimumVisualStudioVersion = 10.0.40219.1
Project("{9A19103F-16F7-4668-BE54-9A1E7A4F7556}") = "Ecommerce.Server", "Ecommerce\Server\Ecommerce.Server.csproj", "{ACEBB386-BAC0-4B3E-9FAC-D9F778FB2B67}"
EndProject
Project("{9A19103F-16F7-4668-BE54-9A1E7A4F7556}") = "Ecommerce.Client", "Ecommerce\Client\Ecommerce.Client.csproj", "{8EE51A94-3838-4169-9419-B04B7B689ABB}"
EndProject
Project("{9A19103F-16F7-4668-BE54-9A1E7A4F7556}") = "Ecommerce.Shared", "Ecommerce\Shared\Ecommerce.Shared.csproj", "{2B062256-CB9D-4B7C-9A8A-6CBD62C8AA01}"
EndProject
Global
	GlobalSection(SolutionConfigurationPlatforms) = preSolution
		Debug|Any CPU = Debug|Any CPU
		Release|Any CPU = Release|Any CPU
	EndGlobalSection
	GlobalSection(ProjectConfigurationPlatforms) = postSolution
		{ACEBB386-BAC0-4B3E-9FAC-D9F778FB2B67}.Debug|Any CPU.ActiveCfg = Debug|Any CPU
		{ACEBB386-BAC0-4B3E-9FAC-D9F778FB2B67}.Debug|Any CPU.Build.0 = Debug|Any CPU
		{ACEBB386-BAC0-4B3E-9FAC-D9F778FB2B67}.Release|Any CPU.ActiveCfg = Release|Any CPU
		{ACEBB386-BAC0-4B3E-9FAC-D9F778FB2B67}.Release|Any CPU.Build.0 = Release|Any CPU
		{8EE51A94-3838-4169-9419-B04B7B689ABB}.Debug|Any CPU.ActiveCfg = Debug|Any CPU
		{8EE51A94-3838-4169-9419-B04B7B689ABB}.Debug|Any CPU.Build.0 = Debug|Any CPU
		{8EE51A94-3838-4169-9419-B04B7B689ABB}.Release|Any CPU.ActiveCfg = Release|Any CPU
		{8EE51A94-3838-4169-9419-B04B7B689ABB}.Release|Any CPU.Build.0 = Release|Any CPU
		{2B062256-CB9D-4B7C-9A8A-6CBD62C8AA01}.Debug|Any CPU.ActiveCfg = Debug|Any CPU
		{2B062256-CB9D-4B7C-9A8A-6CBD62C8AA01}.Debug|Any CPU.Build.0 = Debug|Any CPU
		{2B062256-CB9D-4B7C-9A8A-6CBD62C8AA01}.Release|Any CPU.ActiveCfg = Release|Any CPU
		{2B062256-CB9D-4B7C-9A8A-6CBD62C8AA01}.Release|Any CPU.Build.0 = Release|Any CPU
	EndGlobalSection
	GlobalSection(SolutionProperties) = preSolution
		HideSolutionNode = FALSE
	EndGlobalSection
	GlobalSection(ExtensibilityGlobals) = postSolution
		SolutionGuid = {59CF6189-3BA7-430F-A02B-83FAA05F2F3B}
	EndGlobalSection
EndGlobal
